
Microsoft Visual Studio Solution File, Format Version 12.00
# Visual Studio Version 17
VisualStudioVersion = 17.14.36518.9 d17.14
MinimumVisualStudioVersion = 10.0.40219.1
Project("{FAE04EC0-301F-11D3-BF4B-00C04F79EFBC}") = "Q3_PassagemPorDistancia", "Q3_PassagemPorDistancia\Q3_PassagemPorDistancia.csproj", "{076D9B49-F9FC-4A14-8248-ED8C6B9A6B5D}"
EndProject
Global
	GlobalSection(SolutionConfigurationPlatforms) = preSolution
		Debug|Any CPU = Debug|Any CPU
		Release|Any CPU = Release|Any CPU
	EndGlobalSection
	GlobalSection(ProjectConfigurationPlatforms) = postSolution
		{076D9B49-F9FC-4A14-8248-ED8C6B9A6B5D}.Debug|Any CPU.ActiveCfg = Debug|Any CPU
		{076D9B49-F9FC-4A14-8248-ED8C6B9A6B5D}.Debug|Any CPU.Build.0 = Debug|Any CPU
		{076D9B49-F9FC-4A14-8248-ED8C6B9A6B5D}.Release|Any CPU.ActiveCfg = Release|Any CPU
		{076D9B49-F9FC-4A14-8248-ED8C6B9A6B5D}.Release|Any CPU.Build.0 = Release|Any CPU
	EndGlobalSection
	GlobalSection(SolutionProperties) = preSolution
		HideSolutionNode = FALSE
	EndGlobalSection
	GlobalSection(ExtensibilityGlobals) = postSolution
		SolutionGuid = {1E14F5F2-8871-4580-B29B-90CD4344A3B4}
	EndGlobalSection
EndGlobal
