
Microsoft Visual Studio Solution File, Format Version 12.00
# Visual Studio Version 17
VisualStudioVersion = 17.14.36518.9 d17.14
MinimumVisualStudioVersion = 10.0.40219.1
Project("{FAE04EC0-301F-11D3-BF4B-00C04F79EFBC}") = "Temperatura", "Temperatura\Temperatura.csproj", "{AAE2F50E-9E48-41E7-BF91-5E8BB8D97F25}"
EndProject
Global
	GlobalSection(SolutionConfigurationPlatforms) = preSolution
		Debug|Any CPU = Debug|Any CPU
		Release|Any CPU = Release|Any CPU
	EndGlobalSection
	GlobalSection(ProjectConfigurationPlatforms) = postSolution
		{AAE2F50E-9E48-41E7-BF91-5E8BB8D97F25}.Debug|Any CPU.ActiveCfg = Debug|Any CPU
		{AAE2F50E-9E48-41E7-BF91-5E8BB8D97F25}.Debug|Any CPU.Build.0 = Debug|Any CPU
		{AAE2F50E-9E48-41E7-BF91-5E8BB8D97F25}.Release|Any CPU.ActiveCfg = Release|Any CPU
		{AAE2F50E-9E48-41E7-BF91-5E8BB8D97F25}.Release|Any CPU.Build.0 = Release|Any CPU
	EndGlobalSection
	GlobalSection(SolutionProperties) = preSolution
		HideSolutionNode = FALSE
	EndGlobalSection
	GlobalSection(ExtensibilityGlobals) = postSolution
		SolutionGuid = {633534C9-7A85-4E8E-A239-AD7B59BF7A87}
	EndGlobalSection
EndGlobal
