
Microsoft Visual Studio Solution File, Format Version 12.00
# Visual Studio Version 17
VisualStudioVersion = 17.14.36518.9 d17.14
MinimumVisualStudioVersion = 10.0.40219.1
Project("{FAE04EC0-301F-11D3-BF4B-00C04F79EFBC}") = "Dolar", "Dolar\Dolar.csproj", "{D72F9314-DC02-4B27-8950-BA2A8E10F8D5}"
EndProject
Global
	GlobalSection(SolutionConfigurationPlatforms) = preSolution
		Debug|Any CPU = Debug|Any CPU
		Release|Any CPU = Release|Any CPU
	EndGlobalSection
	GlobalSection(ProjectConfigurationPlatforms) = postSolution
		{D72F9314-DC02-4B27-8950-BA2A8E10F8D5}.Debug|Any CPU.ActiveCfg = Debug|Any CPU
		{D72F9314-DC02-4B27-8950-BA2A8E10F8D5}.Debug|Any CPU.Build.0 = Debug|Any CPU
		{D72F9314-DC02-4B27-8950-BA2A8E10F8D5}.Release|Any CPU.ActiveCfg = Release|Any CPU
		{D72F9314-DC02-4B27-8950-BA2A8E10F8D5}.Release|Any CPU.Build.0 = Release|Any CPU
	EndGlobalSection
	GlobalSection(SolutionProperties) = preSolution
		HideSolutionNode = FALSE
	EndGlobalSection
	GlobalSection(ExtensibilityGlobals) = postSolution
		SolutionGuid = {A3F81636-F4E8-4C43-B0D2-ECEEFD1C9782}
	EndGlobalSection
EndGlobal
